
Microsoft Visual Studio Solution File, Format Version 12.00
# Visual Studio Version 16
VisualStudioVersion = 16.0.29613.14
MinimumVisualStudioVersion = 10.0.40219.1
Project("{FAE04EC0-301F-11D3-BF4B-00C04F79EFBC}") = "Mde.Oef.RPSGame.UWP", "Mde.Oef.RPSGame\Mde.Oef.RPSGame.UWP\Mde.Oef.RPSGame.UWP.csproj", "{96044EB8-8FF6-4D89-A54C-7E1F2A76D182}"
EndProject
Project("{FAE04EC0-301F-11D3-BF4B-00C04F79EFBC}") = "Mde.Oef.RPSGame.Android", "Mde.Oef.RPSGame\Mde.Oef.RPSGame.Android\Mde.Oef.RPSGame.Android.csproj", "{4F4A19E1-4FD1-461F-B641-F4B0A68F67DD}"
EndProject
Project("{FAE04EC0-301F-11D3-BF4B-00C04F79EFBC}") = "Mde.Oef.RPSGame.iOS", "Mde.Oef.RPSGame\Mde.Oef.RPSGame.iOS\Mde.Oef.RPSGame.iOS.csproj", "{DC5D2977-9396-44B9-A529-5F692367BA0D}"
EndProject
Project("{FAE04EC0-301F-11D3-BF4B-00C04F79EFBC}") = "Mde.Oef.RPSGame", "Mde.Oef.RPSGame\Mde.Oef.RPSGame\Mde.Oef.RPSGame.csproj", "{9FBC4360-A48C-4827-8DF2-6FA0BAF6C171}"
EndProject
Global
	GlobalSection(SolutionConfigurationPlatforms) = preSolution
		Debug|Any CPU = Debug|Any CPU
		Debug|ARM = Debug|ARM
		Debug|iPhone = Debug|iPhone
		Debug|iPhoneSimulator = Debug|iPhoneSimulator
		Debug|x64 = Debug|x64
		Debug|x86 = Debug|x86
		Release|Any CPU = Release|Any CPU
		Release|ARM = Release|ARM
		Release|iPhone = Release|iPhone
		Release|iPhoneSimulator = Release|iPhoneSimulator
		Release|x64 = Release|x64
		Release|x86 = Release|x86
	EndGlobalSection
	GlobalSection(ProjectConfigurationPlatforms) = postSolution
		{96044EB8-8FF6-4D89-A54C-7E1F2A76D182}.Debug|Any CPU.ActiveCfg = Debug|x86
		{96044EB8-8FF6-4D89-A54C-7E1F2A76D182}.Debug|Any CPU.Build.0 = Debug|x86
		{96044EB8-8FF6-4D89-A54C-7E1F2A76D182}.Debug|Any CPU.Deploy.0 = Debug|x86
		{96044EB8-8FF6-4D89-A54C-7E1F2A76D182}.Debug|ARM.ActiveCfg = Debug|ARM
		{96044EB8-8FF6-4D89-A54C-7E1F2A76D182}.Debug|ARM.Build.0 = Debug|ARM
		{96044EB8-8FF6-4D89-A54C-7E1F2A76D182}.Debug|ARM.Deploy.0 = Debug|ARM
		{96044EB8-8FF6-4D89-A54C-7E1F2A76D182}.Debug|iPhone.ActiveCfg = Debug|x86
		{96044EB8-8FF6-4D89-A54C-7E1F2A76D182}.Debug|iPhone.Build.0 = Debug|x86
		{96044EB8-8FF6-4D89-A54C-7E1F2A76D182}.Debug|iPhone.Deploy.0 = Debug|x86
		{96044EB8-8FF6-4D89-A54C-7E1F2A76D182}.Debug|iPhoneSimulator.ActiveCfg = Debug|x86
		{96044EB8-8FF6-4D89-A54C-7E1F2A76D182}.Debug|iPhoneSimulator.Build.0 = Debug|x86
		{96044EB8-8FF6-4D89-A54C-7E1F2A76D182}.Debug|iPhoneSimulator.Deploy.0 = Debug|x86
		{96044EB8-8FF6-4D89-A54C-7E1F2A76D182}.Debug|x64.ActiveCfg = Debug|x64
		{96044EB8-8FF6-4D89-A54C-7E1F2A76D182}.Debug|x64.Build.0 = Debug|x64
		{96044EB8-8FF6-4D89-A54C-7E1F2A76D182}.Debug|x64.Deploy.0 = Debug|x64
		{96044EB8-8FF6-4D89-A54C-7E1F2A76D182}.Debug|x86.ActiveCfg = Debug|x86
		{96044EB8-8FF6-4D89-A54C-7E1F2A76D182}.Debug|x86.Build.0 = Debug|x86
		{96044EB8-8FF6-4D89-A54C-7E1F2A76D182}.Debug|x86.Deploy.0 = Debug|x86
		{96044EB8-8FF6-4D89-A54C-7E1F2A76D182}.Release|Any CPU.ActiveCfg = Release|x86
		{96044EB8-8FF6-4D89-A54C-7E1F2A76D182}.Release|Any CPU.Build.0 = Release|x86
		{96044EB8-8FF6-4D89-A54C-7E1F2A76D182}.Release|Any CPU.Deploy.0 = Release|x86
		{96044EB8-8FF6-4D89-A54C-7E1F2A76D182}.Release|ARM.ActiveCfg = Release|ARM
		{96044EB8-8FF6-4D89-A54C-7E1F2A76D182}.Release|ARM.Build.0 = Release|ARM
		{96044EB8-8FF6-4D89-A54C-7E1F2A76D182}.Release|ARM.Deploy.0 = Release|ARM
		{96044EB8-8FF6-4D89-A54C-7E1F2A76D182}.Release|iPhone.ActiveCfg = Release|x86
		{96044EB8-8FF6-4D89-A54C-7E1F2A76D182}.Release|iPhone.Build.0 = Release|x86
		{96044EB8-8FF6-4D89-A54C-7E1F2A76D182}.Release|iPhone.Deploy.0 = Release|x86
		{96044EB8-8FF6-4D89-A54C-7E1F2A76D182}.Release|iPhoneSimulator.ActiveCfg = Release|x86
		{96044EB8-8FF6-4D89-A54C-7E1F2A76D182}.Release|iPhoneSimulator.Build.0 = Release|x86
		{96044EB8-8FF6-4D89-A54C-7E1F2A76D182}.Release|iPhoneSimulator.Deploy.0 = Release|x86
		{96044EB8-8FF6-4D89-A54C-7E1F2A76D182}.Release|x64.ActiveCfg = Release|x64
		{96044EB8-8FF6-4D89-A54C-7E1F2A76D182}.Release|x64.Build.0 = Release|x64
		{96044EB8-8FF6-4D89-A54C-7E1F2A76D182}.Release|x64.Deploy.0 = Release|x64
		{96044EB8-8FF6-4D89-A54C-7E1F2A76D182}.Release|x86.ActiveCfg = Release|x86
		{96044EB8-8FF6-4D89-A54C-7E1F2A76D182}.Release|x86.Build.0 = Release|x86
		{96044EB8-8FF6-4D89-A54C-7E1F2A76D182}.Release|x86.Deploy.0 = Release|x86
		{4F4A19E1-4FD1-461F-B641-F4B0A68F67DD}.Debug|Any CPU.ActiveCfg = Debug|Any CPU
		{4F4A19E1-4FD1-461F-B641-F4B0A68F67DD}.Debug|Any CPU.Build.0 = Debug|Any CPU
		{4F4A19E1-4FD1-461F-B641-F4B0A68F67DD}.Debug|Any CPU.Deploy.0 = Debug|Any CPU
		{4F4A19E1-4FD1-461F-B641-F4B0A68F67DD}.Debug|ARM.ActiveCfg = Debug|Any CPU
		{4F4A19E1-4FD1-461F-B641-F4B0A68F67DD}.Debug|ARM.Build.0 = Debug|Any CPU
		{4F4A19E1-4FD1-461F-B641-F4B0A68F67DD}.Debug|ARM.Deploy.0 = Debug|Any CPU
		{4F4A19E1-4FD1-461F-B641-F4B0A68F67DD}.Debug|iPhone.ActiveCfg = Debug|Any CPU
		{4F4A19E1-4FD1-461F-B641-F4B0A68F67DD}.Debug|iPhone.Build.0 = Debug|Any CPU
		{4F4A19E1-4FD1-461F-B641-F4B0A68F67DD}.Debug|iPhone.Deploy.0 = Debug|Any CPU
		{4F4A19E1-4FD1-461F-B641-F4B0A68F67DD}.Debug|iPhoneSimulator.ActiveCfg = Debug|Any CPU
		{4F4A19E1-4FD1-461F-B641-F4B0A68F67DD}.Debug|iPhoneSimulator.Build.0 = Debug|Any CPU
		{4F4A19E1-4FD1-461F-B641-F4B0A68F67DD}.Debug|iPhoneSimulator.Deploy.0 = Debug|Any CPU
		{4F4A19E1-4FD1-461F-B641-F4B0A68F67DD}.Debug|x64.ActiveCfg = Debug|Any CPU
		{4F4A19E1-4FD1-461F-B641-F4B0A68F67DD}.Debug|x64.Build.0 = Debug|Any CPU
		{4F4A19E1-4FD1-461F-B641-F4B0A68F67DD}.Debug|x64.Deploy.0 = Debug|Any CPU
		{4F4A19E1-4FD1-461F-B641-F4B0A68F67DD}.Debug|x86.ActiveCfg = Debug|Any CPU
		{4F4A19E1-4FD1-461F-B641-F4B0A68F67DD}.Debug|x86.Build.0 = Debug|Any CPU
		{4F4A19E1-4FD1-461F-B641-F4B0A68F67DD}.Debug|x86.Deploy.0 = Debug|Any CPU
		{4F4A19E1-4FD1-461F-B641-F4B0A68F67DD}.Release|Any CPU.ActiveCfg = Release|Any CPU
		{4F4A19E1-4FD1-461F-B641-F4B0A68F67DD}.Release|Any CPU.Build.0 = Release|Any CPU
		{4F4A19E1-4FD1-461F-B641-F4B0A68F67DD}.Release|Any CPU.Deploy.0 = Release|Any CPU
		{4F4A19E1-4FD1-461F-B641-F4B0A68F67DD}.Release|ARM.ActiveCfg = Release|Any CPU
		{4F4A19E1-4FD1-461F-B641-F4B0A68F67DD}.Release|ARM.Build.0 = Release|Any CPU
		{4F4A19E1-4FD1-461F-B641-F4B0A68F67DD}.Release|ARM.Deploy.0 = Release|Any CPU
		{4F4A19E1-4FD1-461F-B641-F4B0A68F67DD}.Release|iPhone.ActiveCfg = Release|Any CPU
		{4F4A19E1-4FD1-461F-B641-F4B0A68F67DD}.Release|iPhone.Build.0 = Release|Any CPU
		{4F4A19E1-4FD1-461F-B641-F4B0A68F67DD}.Release|iPhone.Deploy.0 = Release|Any CPU
		{4F4A19E1-4FD1-461F-B641-F4B0A68F67DD}.Release|iPhoneSimulator.ActiveCfg = Release|Any CPU
		{4F4A19E1-4FD1-461F-B641-F4B0A68F67DD}.Release|iPhoneSimulator.Build.0 = Release|Any CPU
		{4F4A19E1-4FD1-461F-B641-F4B0A68F67DD}.Release|iPhoneSimulator.Deploy.0 = Release|Any CPU
		{4F4A19E1-4FD1-461F-B641-F4B0A68F67DD}.Release|x64.ActiveCfg = Release|Any CPU
		{4F4A19E1-4FD1-461F-B641-F4B0A68F67DD}.Release|x64.Build.0 = Release|Any CPU
		{4F4A19E1-4FD1-461F-B641-F4B0A68F67DD}.Release|x64.Deploy.0 = Release|Any CPU
		{4F4A19E1-4FD1-461F-B641-F4B0A68F67DD}.Release|x86.ActiveCfg = Release|Any CPU
		{4F4A19E1-4FD1-461F-B641-F4B0A68F67DD}.Release|x86.Build.0 = Release|Any CPU
		{4F4A19E1-4FD1-461F-B641-F4B0A68F67DD}.Release|x86.Deploy.0 = Release|Any CPU
		{DC5D2977-9396-44B9-A529-5F692367BA0D}.Debug|Any CPU.ActiveCfg = Debug|iPhone
		{DC5D2977-9396-44B9-A529-5F692367BA0D}.Debug|Any CPU.Build.0 = Debug|iPhone
		{DC5D2977-9396-44B9-A529-5F692367BA0D}.Debug|Any CPU.Deploy.0 = Debug|iPhone
		{DC5D2977-9396-44B9-A529-5F692367BA0D}.Debug|ARM.ActiveCfg = Debug|iPhoneSimulator
		{DC5D2977-9396-44B9-A529-5F692367BA0D}.Debug|ARM.Build.0 = Debug|iPhoneSimulator
		{DC5D2977-9396-44B9-A529-5F692367BA0D}.Debug|ARM.Deploy.0 = Debug|iPhoneSimulator
		{DC5D2977-9396-44B9-A529-5F692367BA0D}.Debug|iPhone.ActiveCfg = Debug|iPhone
		{DC5D2977-9396-44B9-A529-5F692367BA0D}.Debug|iPhone.Build.0 = Debug|iPhone
		{DC5D2977-9396-44B9-A529-5F692367BA0D}.Debug|iPhone.Deploy.0 = Debug|iPhone
		{DC5D2977-9396-44B9-A529-5F692367BA0D}.Debug|iPhoneSimulator.ActiveCfg = Debug|iPhoneSimulator
		{DC5D2977-9396-44B9-A529-5F692367BA0D}.Debug|iPhoneSimulator.Build.0 = Debug|iPhoneSimulator
		{DC5D2977-9396-44B9-A529-5F692367BA0D}.Debug|iPhoneSimulator.Deploy.0 = Debug|iPhoneSimulator
		{DC5D2977-9396-44B9-A529-5F692367BA0D}.Debug|x64.ActiveCfg = Debug|iPhone
		{DC5D2977-9396-44B9-A529-5F692367BA0D}.Debug|x64.Build.0 = Debug|iPhone
		{DC5D2977-9396-44B9-A529-5F692367BA0D}.Debug|x64.Deploy.0 = Debug|iPhone
		{DC5D2977-9396-44B9-A529-5F692367BA0D}.Debug|x86.ActiveCfg = Debug|iPhone
		{DC5D2977-9396-44B9-A529-5F692367BA0D}.Debug|x86.Build.0 = Debug|iPhone
		{DC5D2977-9396-44B9-A529-5F692367BA0D}.Debug|x86.Deploy.0 = Debug|iPhone
		{DC5D2977-9396-44B9-A529-5F692367BA0D}.Release|Any CPU.ActiveCfg = Release|iPhone
		{DC5D2977-9396-44B9-A529-5F692367BA0D}.Release|Any CPU.Build.0 = Release|iPhone
		{DC5D2977-9396-44B9-A529-5F692367BA0D}.Release|Any CPU.Deploy.0 = Release|iPhone
		{DC5D2977-9396-44B9-A529-5F692367BA0D}.Release|ARM.ActiveCfg = Release|iPhone
		{DC5D2977-9396-44B9-A529-5F692367BA0D}.Release|ARM.Build.0 = Release|iPhone
		{DC5D2977-9396-44B9-A529-5F692367BA0D}.Release|ARM.Deploy.0 = Release|iPhone
		{DC5D2977-9396-44B9-A529-5F692367BA0D}.Release|iPhone.ActiveCfg = Release|iPhone
		{DC5D2977-9396-44B9-A529-5F692367BA0D}.Release|iPhone.Build.0 = Release|iPhone
		{DC5D2977-9396-44B9-A529-5F692367BA0D}.Release|iPhone.Deploy.0 = Release|iPhone
		{DC5D2977-9396-44B9-A529-5F692367BA0D}.Release|iPhoneSimulator.ActiveCfg = Release|iPhoneSimulator
		{DC5D2977-9396-44B9-A529-5F692367BA0D}.Release|iPhoneSimulator.Build.0 = Release|iPhoneSimulator
		{DC5D2977-9396-44B9-A529-5F692367BA0D}.Release|iPhoneSimulator.Deploy.0 = Release|iPhoneSimulator
		{DC5D2977-9396-44B9-A529-5F692367BA0D}.Release|x64.ActiveCfg = Release|iPhone
		{DC5D2977-9396-44B9-A529-5F692367BA0D}.Release|x64.Build.0 = Release|iPhone
		{DC5D2977-9396-44B9-A529-5F692367BA0D}.Release|x64.Deploy.0 = Release|iPhone
		{DC5D2977-9396-44B9-A529-5F692367BA0D}.Release|x86.ActiveCfg = Release|iPhone
		{DC5D2977-9396-44B9-A529-5F692367BA0D}.Release|x86.Build.0 = Release|iPhone
		{DC5D2977-9396-44B9-A529-5F692367BA0D}.Release|x86.Deploy.0 = Release|iPhone
		{9FBC4360-A48C-4827-8DF2-6FA0BAF6C171}.Debug|Any CPU.ActiveCfg = Debug|Any CPU
		{9FBC4360-A48C-4827-8DF2-6FA0BAF6C171}.Debug|Any CPU.Build.0 = Debug|Any CPU
		{9FBC4360-A48C-4827-8DF2-6FA0BAF6C171}.Debug|Any CPU.Deploy.0 = Debug|Any CPU
		{9FBC4360-A48C-4827-8DF2-6FA0BAF6C171}.Debug|ARM.ActiveCfg = Debug|Any CPU
		{9FBC4360-A48C-4827-8DF2-6FA0BAF6C171}.Debug|ARM.Build.0 = Debug|Any CPU
		{9FBC4360-A48C-4827-8DF2-6FA0BAF6C171}.Debug|ARM.Deploy.0 = Debug|Any CPU
		{9FBC4360-A48C-4827-8DF2-6FA0BAF6C171}.Debug|iPhone.ActiveCfg = Debug|Any CPU
		{9FBC4360-A48C-4827-8DF2-6FA0BAF6C171}.Debug|iPhone.Build.0 = Debug|Any CPU
		{9FBC4360-A48C-4827-8DF2-6FA0BAF6C171}.Debug|iPhone.Deploy.0 = Debug|Any CPU
		{9FBC4360-A48C-4827-8DF2-6FA0BAF6C171}.Debug|iPhoneSimulator.ActiveCfg = Debug|Any CPU
		{9FBC4360-A48C-4827-8DF2-6FA0BAF6C171}.Debug|iPhoneSimulator.Build.0 = Debug|Any CPU
		{9FBC4360-A48C-4827-8DF2-6FA0BAF6C171}.Debug|iPhoneSimulator.Deploy.0 = Debug|Any CPU
		{9FBC4360-A48C-4827-8DF2-6FA0BAF6C171}.Debug|x64.ActiveCfg = Debug|Any CPU
		{9FBC4360-A48C-4827-8DF2-6FA0BAF6C171}.Debug|x64.Build.0 = Debug|Any CPU
		{9FBC4360-A48C-4827-8DF2-6FA0BAF6C171}.Debug|x64.Deploy.0 = Debug|Any CPU
		{9FBC4360-A48C-4827-8DF2-6FA0BAF6C171}.Debug|x86.ActiveCfg = Debug|Any CPU
		{9FBC4360-A48C-4827-8DF2-6FA0BAF6C171}.Debug|x86.Build.0 = Debug|Any CPU
		{9FBC4360-A48C-4827-8DF2-6FA0BAF6C171}.Debug|x86.Deploy.0 = Debug|Any CPU
		{9FBC4360-A48C-4827-8DF2-6FA0BAF6C171}.Release|Any CPU.ActiveCfg = Release|Any CPU
		{9FBC4360-A48C-4827-8DF2-6FA0BAF6C171}.Release|Any CPU.Build.0 = Release|Any CPU
		{9FBC4360-A48C-4827-8DF2-6FA0BAF6C171}.Release|Any CPU.Deploy.0 = Release|Any CPU
		{9FBC4360-A48C-4827-8DF2-6FA0BAF6C171}.Release|ARM.ActiveCfg = Release|Any CPU
		{9FBC4360-A48C-4827-8DF2-6FA0BAF6C171}.Release|ARM.Build.0 = Release|Any CPU
		{9FBC4360-A48C-4827-8DF2-6FA0BAF6C171}.Release|ARM.Deploy.0 = Release|Any CPU
		{9FBC4360-A48C-4827-8DF2-6FA0BAF6C171}.Release|iPhone.ActiveCfg = Release|Any CPU
		{9FBC4360-A48C-4827-8DF2-6FA0BAF6C171}.Release|iPhone.Build.0 = Release|Any CPU
		{9FBC4360-A48C-4827-8DF2-6FA0BAF6C171}.Release|iPhone.Deploy.0 = Release|Any CPU
		{9FBC4360-A48C-4827-8DF2-6FA0BAF6C171}.Release|iPhoneSimulator.ActiveCfg = Release|Any CPU
		{9FBC4360-A48C-4827-8DF2-6FA0BAF6C171}.Release|iPhoneSimulator.Build.0 = Release|Any CPU
		{9FBC4360-A48C-4827-8DF2-6FA0BAF6C171}.Release|iPhoneSimulator.Deploy.0 = Release|Any CPU
		{9FBC4360-A48C-4827-8DF2-6FA0BAF6C171}.Release|x64.ActiveCfg = Release|Any CPU
		{9FBC4360-A48C-4827-8DF2-6FA0BAF6C171}.Release|x64.Build.0 = Release|Any CPU
		{9FBC4360-A48C-4827-8DF2-6FA0BAF6C171}.Release|x64.Deploy.0 = Release|Any CPU
		{9FBC4360-A48C-4827-8DF2-6FA0BAF6C171}.Release|x86.ActiveCfg = Release|Any CPU
		{9FBC4360-A48C-4827-8DF2-6FA0BAF6C171}.Release|x86.Build.0 = Release|Any CPU
		{9FBC4360-A48C-4827-8DF2-6FA0BAF6C171}.Release|x86.Deploy.0 = Release|Any CPU
	EndGlobalSection
	GlobalSection(SolutionProperties) = preSolution
		HideSolutionNode = FALSE
	EndGlobalSection
	GlobalSection(ExtensibilityGlobals) = postSolution
		SolutionGuid = {330497DE-D0E2-4F84-A02E-9FB1CC0ACDE7}
	EndGlobalSection
EndGlobal
